Microsoft Visual Studio Solution File, Format Version 12.00
# Visual Studio Version 17
VisualStudioVersion = 17.5.2.0
MinimumVisualStudioVersion = 10.0.40219.1
Project("{FAE04EC0-301F-11D3-BF4B-00C04F79EFBC}") = "Dice_Roll_Game", "Dice_Roll_Game.csproj", "{A3C395D9-E04D-4F35-5498-2BEB43AF926A}"
EndProject
Global
	GlobalSection(SolutionConfigurationPlatforms) = preSolution
		Debug|Any CPU = Debug|Any CPU
		Release|Any CPU = Release|Any CPU
	EndGlobalSection
	GlobalSection(ProjectConfigurationPlatforms) = postSolution
		{A3C395D9-E04D-4F35-5498-2BEB43AF926A}.Debug|Any CPU.ActiveCfg = Debug|Any CPU
		{A3C395D9-E04D-4F35-5498-2BEB43AF926A}.Debug|Any CPU.Build.0 = Debug|Any CPU
		{A3C395D9-E04D-4F35-5498-2BEB43AF926A}.Release|Any CPU.ActiveCfg = Release|Any CPU
		{A3C395D9-E04D-4F35-5498-2BEB43AF926A}.Release|Any CPU.Build.0 = Release|Any CPU
	EndGlobalSection
	GlobalSection(SolutionProperties) = preSolution
		HideSolutionNode = FALSE
	EndGlobalSection
	GlobalSection(ExtensibilityGlobals) = postSolution
		SolutionGuid = {201F2353-8D93-4354-91AC-C103891C28C6}
	EndGlobalSection
EndGlobal
